// !$*UTF8*$!
{
	archiveVersion = 1;
	classes = {
	};
	objectVersion = 55;
	objects = {

/* Begin PBXBuildFile section */
		C2113D0227223AB800EC7705 /* BetterWeatherApp.swift in Sources */ = {isa = PBXBuildFile; fileRef = C2113D0127223AB800EC7705 /* BetterWeatherApp.swift */; };
		C2113D0427223AB800EC7705 /* ContentView.swift in Sources */ = {isa = PBXBuildFile; fileRef = C2113D0327223AB800EC7705 /* ContentView.swift */; };
		C2113D0627223AB800EC7705 /* Assets.xcassets in Resources */ = {isa = PBXBuildFile; fileRef = C2113D0527223AB800EC7705 /* Assets.xcassets */; };
		C2113D0927223AB800EC7705 /* Preview Assets.xcassets in Resources */ = {isa = PBXBuildFile; fileRef = C2113D0827223AB800EC7705 /* Preview Assets.xcassets */; };
		C2113D2F27223B3300EC7705 /* HourlyForecaseDetail.swift in Sources */ = {isa = PBXBuildFile; fileRef = C2113D2E27223B3300EC7705 /* HourlyForecaseDetail.swift */; };
		C2113D3127223D7B00EC7705 /* HourlyForecastView.swift in Sources */ = {isa = PBXBuildFile; fileRef = C2113D3027223D7B00EC7705 /* HourlyForecastView.swift */; };
		C2113D332722434000EC7705 /* MainTitleView.swift in Sources */ = {isa = PBXBuildFile; fileRef = C2113D322722434000EC7705 /* MainTitleView.swift */; };
		C2113D35272244A400EC7705 /* DailyForecastView.swift in Sources */ = {isa = PBXBuildFile; fileRef = C2113D34272244A400EC7705 /* DailyForecastView.swift */; };
		C2113D38272248F800EC7705 /* DailyForecastDetail.swift in Sources */ = {isa = PBXBuildFile; fileRef = C2113D37272248F800EC7705 /* DailyForecastDetail.swift */; };
		C21AEC9A272F299C0009BBEB /* CustomAckLabelsView.swift in Sources */ = {isa = PBXBuildFile; fileRef = C21AEC99272F299C0009BBEB /* CustomAckLabelsView.swift */; };
		C21AEC9C272F29C60009BBEB /* AcknowledgementsView.swift in Sources */ = {isa = PBXBuildFile; fileRef = C21AEC9B272F29C60009BBEB /* AcknowledgementsView.swift */; };
		C21AEC9E272F2A2A0009BBEB /* SupportDevView.swift in Sources */ = {isa = PBXBuildFile; fileRef = C21AEC9D272F2A2A0009BBEB /* SupportDevView.swift */; };
		C21AECA1272F2F0A0009BBEB /* LogView.swift in Sources */ = {isa = PBXBuildFile; fileRef = C21AECA0272F2F0A0009BBEB /* LogView.swift */; };
		C2A101B527231C3F00D268BF /* BackgroundGradient.swift in Sources */ = {isa = PBXBuildFile; fileRef = C2A101B427231C3F00D268BF /* BackgroundGradient.swift */; };
		C2A101C027232C8700D268BF /* SideSettingsView.swift in Sources */ = {isa = PBXBuildFile; fileRef = C2A101BF27232C8700D268BF /* SideSettingsView.swift */; };
		C2A101C727232F4200D268BF /* ForecastModel.swift in Sources */ = {isa = PBXBuildFile; fileRef = C2A101C627232F4200D268BF /* ForecastModel.swift */; };
		C2A101C927232F6600D268BF /* CurrentModel.swift in Sources */ = {isa = PBXBuildFile; fileRef = C2A101C827232F6600D268BF /* CurrentModel.swift */; };
		C2A101CB27232F9000D268BF /* WeatherModel.swift in Sources */ = {isa = PBXBuildFile; fileRef = C2A101CA27232F9000D268BF /* WeatherModel.swift */; };
		C2A101CD27232FB600D268BF /* MinutelyModel.swift in Sources */ = {isa = PBXBuildFile; fileRef = C2A101CC27232FB600D268BF /* MinutelyModel.swift */; };
		C2A101CF27232FCD00D268BF /* DailyModel.swift in Sources */ = {isa = PBXBuildFile; fileRef = C2A101CE27232FCD00D268BF /* DailyModel.swift */; };
		C2A101D52723329D00D268BF /* ForecastViewModel.swift in Sources */ = {isa = PBXBuildFile; fileRef = C2A101D42723329D00D268BF /* ForecastViewModel.swift */; };
		C2A101D72723460F00D268BF /* Date+Extension.swift in Sources */ = {isa = PBXBuildFile; fileRef = C2A101D62723460F00D268BF /* Date+Extension.swift */; };
		C2D1DA2D27389C1500502DD5 /* ApiKeyAddView.swift in Sources */ = {isa = PBXBuildFile; fileRef = C2D1DA2C27389C1500502DD5 /* ApiKeyAddView.swift */; };
		C2D4BA4E272F1D8F00FF6C6A /* Constants.swift in Sources */ = {isa = PBXBuildFile; fileRef = C2D4BA4D272F1D8F00FF6C6A /* Constants.swift */; };
		C2E054E52737268000CD50F4 /* MeshView.swift in Sources */ = {isa = PBXBuildFile; fileRef = C2E054E42737268000CD50F4 /* MeshView.swift */; };
		C2E054E72737277200CD50F4 /* LocationViewModel.swift in Sources */ = {isa = PBXBuildFile; fileRef = C2E054E62737277200CD50F4 /* LocationViewModel.swift */; };
/* End PBXBuildFile section */

/* Begin PBXFileReference section */
		C2113CFE27223AB800EC7705 /* BetterWeather.app */ = {isa = PBXFileReference; explicitFileType = wrapper.application; includeInIndex = 0; path = BetterWeather.app; sourceTree = BUILT_PRODUCTS_DIR; };
		C2113D0127223AB800EC7705 /* BetterWeatherApp.swift */ = {isa = PBXFileReference; lastKnownFileType = sourcecode.swift; path = BetterWeatherApp.swift; sourceTree = "<group>"; };
		C2113D0327223AB800EC7705 /* ContentView.swift */ = {isa = PBXFileReference; lastKnownFileType = sourcecode.swift; path = ContentView.swift; sourceTree = "<group>"; };
		C2113D0527223AB800EC7705 /* Assets.xcassets */ = {isa = PBXFileReference; lastKnownFileType = folder.assetcatalog; path = Assets.xcassets; sourceTree = "<group>"; };
		C2113D0827223AB800EC7705 /* Preview Assets.xcassets */ = {isa = PBXFileReference; lastKnownFileType = folder.assetcatalog; path = "Preview Assets.xcassets"; sourceTree = "<group>"; };
		C2113D2E27223B3300EC7705 /* HourlyForecaseDetail.swift */ = {isa = PBXFileReference; lastKnownFileType = sourcecode.swift; path = HourlyForecaseDetail.swift; sourceTree = "<group>"; };
		C2113D3027223D7B00EC7705 /* HourlyForecastView.swift */ = {isa = PBXFileReference; lastKnownFileType = sourcecode.swift; path = HourlyForecastView.swift; sourceTree = "<group>"; };
		C2113D322722434000EC7705 /* MainTitleView.swift */ = {isa = PBXFileReference; lastKnownFileType = sourcecode.swift; path = MainTitleView.swift; sourceTree = "<group>"; };
		C2113D34272244A400EC7705 /* DailyForecastView.swift */ = {isa = PBXFileReference; lastKnownFileType = sourcecode.swift; path = DailyForecastView.swift; sourceTree = "<group>"; };
		C2113D37272248F800EC7705 /* DailyForecastDetail.swift */ = {isa = PBXFileReference; lastKnownFileType = sourcecode.swift; path = DailyForecastDetail.swift; sourceTree = "<group>"; };
		C21AEC99272F299C0009BBEB /* CustomAckLabelsView.swift */ = {isa = PBXFileReference; lastKnownFileType = sourcecode.swift; path = CustomAckLabelsView.swift; sourceTree = "<group>"; };
		C21AEC9B272F29C60009BBEB /* AcknowledgementsView.swift */ = {isa = PBXFileReference; lastKnownFileType = sourcecode.swift; path = AcknowledgementsView.swift; sourceTree = "<group>"; };
		C21AEC9D272F2A2A0009BBEB /* SupportDevView.swift */ = {isa = PBXFileReference; lastKnownFileType = sourcecode.swift; path = SupportDevView.swift; sourceTree = "<group>"; };
		C21AECA0272F2F0A0009BBEB /* LogView.swift */ = {isa = PBXFileReference; lastKnownFileType = sourcecode.swift; path = LogView.swift; sourceTree = "<group>"; };
		C21AECA2272F33650009BBEB /* BetterWeather.entitlements */ = {isa = PBXFileReference; lastKnownFileType = text.plist.entitlements; path = BetterWeather.entitlements; sourceTree = "<group>"; };
		C2A101B427231C3F00D268BF /* BackgroundGradient.swift */ = {isa = PBXFileReference; lastKnownFileType = sourcecode.swift; path = BackgroundGradient.swift; sourceTree = "<group>"; };
		C2A101BF27232C8700D268BF /* SideSettingsView.swift */ = {isa = PBXFileReference; lastKnownFileType = sourcecode.swift; path = SideSettingsView.swift; sourceTree = "<group>"; };
		C2A101C627232F4200D268BF /* ForecastModel.swift */ = {isa = PBXFileReference; lastKnownFileType = sourcecode.swift; path = ForecastModel.swift; sourceTree = "<group>"; };
		C2A101C827232F6600D268BF /* CurrentModel.swift */ = {isa = PBXFileReference; lastKnownFileType = sourcecode.swift; path = CurrentModel.swift; sourceTree = "<group>"; };
		C2A101CA27232F9000D268BF /* WeatherModel.swift */ = {isa = PBXFileReference; lastKnownFileType = sourcecode.swift; path = WeatherModel.swift; sourceTree = "<group>"; };
		C2A101CC27232FB600D268BF /* MinutelyModel.swift */ = {isa = PBXFileReference; lastKnownFileType = sourcecode.swift; path = MinutelyModel.swift; sourceTree = "<group>"; };
		C2A101CE27232FCD00D268BF /* DailyModel.swift */ = {isa = PBXFileReference; lastKnownFileType = sourcecode.swift; path = DailyModel.swift; sourceTree = "<group>"; };
		C2A101D42723329D00D268BF /* ForecastViewModel.swift */ = {isa = PBXFileReference; lastKnownFileType = sourcecode.swift; path = ForecastViewModel.swift; sourceTree = "<group>"; };
		C2A101D62723460F00D268BF /* Date+Extension.swift */ = {isa = PBXFileReference; lastKnownFileType = sourcecode.swift; path = "Date+Extension.swift"; sourceTree = "<group>"; };
		C2D1DA2C27389C1500502DD5 /* ApiKeyAddView.swift */ = {isa = PBXFileReference; lastKnownFileType = sourcecode.swift; path = ApiKeyAddView.swift; sourceTree = "<group>"; };
		C2D4BA4D272F1D8F00FF6C6A /* Constants.swift */ = {isa = PBXFileReference; lastKnownFileType = sourcecode.swift; path = Constants.swift; sourceTree = "<group>"; };
		C2E054E42737268000CD50F4 /* MeshView.swift */ = {isa = PBXFileReference; lastKnownFileType = sourcecode.swift; path = MeshView.swift; sourceTree = "<group>"; };
		C2E054E62737277200CD50F4 /* LocationViewModel.swift */ = {isa = PBXFileReference; fileEncoding = 4; lastKnownFileType = sourcecode.swift; path = LocationViewModel.swift; sourceTree = "<group>"; };
/* End PBXFileReference section */

/* Begin PBXFrameworksBuildPhase section */
		C2113CFB27223AB800EC7705 /* Frameworks */ = {
			isa = PBXFrameworksBuildPhase;
			buildActionMask = 2147483647;
			files = (
			);
			runOnlyForDeploymentPostprocessing = 0;
		};
/* End PBXFrameworksBuildPhase section */

/* Begin PBXGroup section */
		C2113CF527223AB800EC7705 = {
			isa = PBXGroup;
			children = (
				C2113D0027223AB800EC7705 /* BetterWeather */,
				C2113CFF27223AB800EC7705 /* Products */,
			);
			sourceTree = "<group>";
		};
		C2113CFF27223AB800EC7705 /* Products */ = {
			isa = PBXGroup;
			children = (
				C2113CFE27223AB800EC7705 /* BetterWeather.app */,
			);
			name = Products;
			sourceTree = "<group>";
		};
		C2113D0027223AB800EC7705 /* BetterWeather */ = {
			isa = PBXGroup;
			children = (
				C21AECA2272F33650009BBEB /* BetterWeather.entitlements */,
				C2113D0127223AB800EC7705 /* BetterWeatherApp.swift */,
				C2113D0327223AB800EC7705 /* ContentView.swift */,
				C2113D2B27223AD100EC7705 /* View */,
				C2A101C527232F3500D268BF /* Model */,
				C2A101D32723328C00D268BF /* ViewModel */,
				C2D4BA4F272F22C900FF6C6A /* Extensions */,
				C2113D0527223AB800EC7705 /* Assets.xcassets */,
				C2113D0727223AB800EC7705 /* Preview Content */,
			);
			path = BetterWeather;
			sourceTree = "<group>";
		};
		C2113D0727223AB800EC7705 /* Preview Content */ = {
			isa = PBXGroup;
			children = (
				C2113D0827223AB800EC7705 /* Preview Assets.xcassets */,
			);
			path = "Preview Content";
			sourceTree = "<group>";
		};
		C2113D2B27223AD100EC7705 /* View */ = {
			isa = PBXGroup;
			children = (
				C2113D322722434000EC7705 /* MainTitleView.swift */,
				C2A101BE27232C6500D268BF /* SideSettings */,
				C2A101C427232E6A00D268BF /* MinutelyForecast */,
				C2113D36272248EA00EC7705 /* Daily */,
				C2113D2D27223B2600EC7705 /* Hourly */,
				C2D4BA50272F233000FF6C6A /* Shared */,
			);
			path = View;
			sourceTree = "<group>";
		};
		C2113D2D27223B2600EC7705 /* Hourly */ = {
			isa = PBXGroup;
			children = (
				C2113D3027223D7B00EC7705 /* HourlyForecastView.swift */,
				C2113D2E27223B3300EC7705 /* HourlyForecaseDetail.swift */,
			);
			path = Hourly;
			sourceTree = "<group>";
		};
		C2113D36272248EA00EC7705 /* Daily */ = {
			isa = PBXGroup;
			children = (
				C2113D34272244A400EC7705 /* DailyForecastView.swift */,
				C2113D37272248F800EC7705 /* DailyForecastDetail.swift */,
			);
			path = Daily;
			sourceTree = "<group>";
		};
		C21AEC9F272F2A410009BBEB /* SubViews */ = {
			isa = PBXGroup;
			children = (
				C21AEC99272F299C0009BBEB /* CustomAckLabelsView.swift */,
				C21AEC9B272F29C60009BBEB /* AcknowledgementsView.swift */,
				C21AEC9D272F2A2A0009BBEB /* SupportDevView.swift */,
				C21AECA0272F2F0A0009BBEB /* LogView.swift */,
				C2D1DA2C27389C1500502DD5 /* ApiKeyAddView.swift */,
			);
			path = SubViews;
			sourceTree = "<group>";
		};
		C2A101BE27232C6500D268BF /* SideSettings */ = {
			isa = PBXGroup;
			children = (
				C2A101BF27232C8700D268BF /* SideSettingsView.swift */,
				C21AEC9F272F2A410009BBEB /* SubViews */,
			);
			path = SideSettings;
			sourceTree = "<group>";
		};
		C2A101C427232E6A00D268BF /* MinutelyForecast */ = {
			isa = PBXGroup;
			children = (
			);
			path = MinutelyForecast;
			sourceTree = "<group>";
		};
		C2A101C527232F3500D268BF /* Model */ = {
			isa = PBXGroup;
			children = (
				C2A101C627232F4200D268BF /* ForecastModel.swift */,
				C2A101C827232F6600D268BF /* CurrentModel.swift */,
				C2A101CC27232FB600D268BF /* MinutelyModel.swift */,
				C2A101CE27232FCD00D268BF /* DailyModel.swift */,
				C2A101CA27232F9000D268BF /* WeatherModel.swift */,
			);
			path = Model;
			sourceTree = "<group>";
		};
		C2A101D32723328C00D268BF /* ViewModel */ = {
			isa = PBXGroup;
			children = (
				C2E054E62737277200CD50F4 /* LocationViewModel.swift */,
				C2A101D42723329D00D268BF /* ForecastViewModel.swift */,
				C2D4BA4D272F1D8F00FF6C6A /* Constants.swift */,
			);
			path = ViewModel;
			sourceTree = "<group>";
		};
		C2D4BA4F272F22C900FF6C6A /* Extensions */ = {
			isa = PBXGroup;
			children = (
				C2A101D62723460F00D268BF /* Date+Extension.swift */,
			);
			path = Extensions;
			sourceTree = "<group>";
		};
		C2D4BA50272F233000FF6C6A /* Shared */ = {
			isa = PBXGroup;
			children = (
				C2E054E42737268000CD50F4 /* MeshView.swift */,
				C2A101B427231C3F00D268BF /* BackgroundGradient.swift */,
			);
			path = Shared;
			sourceTree = "<group>";
		};
/* End PBXGroup section */

/* Begin PBXNativeTarget section */
		C2113CFD27223AB800EC7705 /* BetterWeather */ = {
			isa = PBXNativeTarget;
			buildConfigurationList = C2113D2227223AB900EC7705 /* Build configuration list for PBXNativeTarget "BetterWeather" */;
			buildPhases = (
				C2113CFA27223AB800EC7705 /* Sources */,
				C2113CFB27223AB800EC7705 /* Frameworks */,
				C2113CFC27223AB800EC7705 /* Resources */,
			);
			buildRules = (
			);
			dependencies = (
			);
			name = BetterWeather;
			packageProductDependencies = (
			);
			productName = BetterWeather;
			productReference = C2113CFE27223AB800EC7705 /* BetterWeather.app */;
			productType = "com.apple.product-type.application";
		};
/* End PBXNativeTarget section */

/* Begin PBXProject section */
		C2113CF627223AB800EC7705 /* Project object */ = {
			isa = PBXProject;
			attributes = {
				BuildIndependentTargetsInParallel = 1;
				LastSwiftUpdateCheck = 1300;
				LastUpgradeCheck = 1300;
				TargetAttributes = {
					C2113CFD27223AB800EC7705 = {
						CreatedOnToolsVersion = 13.0;
					};
				};
			};
			buildConfigurationList = C2113CF927223AB800EC7705 /* Build configuration list for PBXProject "BetterWeather" */;
			compatibilityVersion = "Xcode 13.0";
			developmentRegion = en;
			hasScannedForEncodings = 0;
			knownRegions = (
				en,
				Base,
			);
			mainGroup = C2113CF527223AB800EC7705;
			packageReferences = (
			);
			productRefGroup = C2113CFF27223AB800EC7705 /* Products */;
			projectDirPath = "";
			projectRoot = "";
			targets = (
				C2113CFD27223AB800EC7705 /* BetterWeather */,
			);
		};
/* End PBXProject section */

/* Begin PBXResourcesBuildPhase section */
		C2113CFC27223AB800EC7705 /* Resources */ = {
			isa = PBXResourcesBuildPhase;
			buildActionMask = 2147483647;
			files = (
				C2113D0927223AB800EC7705 /* Preview Assets.xcassets in Resources */,
				C2113D0627223AB800EC7705 /* Assets.xcassets in Resources */,
			);
			runOnlyForDeploymentPostprocessing = 0;
		};
/* End PBXResourcesBuildPhase section */

/* Begin PBXSourcesBuildPhase section */
		C2113CFA27223AB800EC7705 /* Sources */ = {
			isa = PBXSourcesBuildPhase;
			buildActionMask = 2147483647;
			files = (
				C2A101C027232C8700D268BF /* SideSettingsView.swift in Sources */,
				C2D4BA4E272F1D8F00FF6C6A /* Constants.swift in Sources */,
				C21AEC9A272F299C0009BBEB /* CustomAckLabelsView.swift in Sources */,
				C2113D3127223D7B00EC7705 /* HourlyForecastView.swift in Sources */,
				C2A101B527231C3F00D268BF /* BackgroundGradient.swift in Sources */,
				C2113D38272248F800EC7705 /* DailyForecastDetail.swift in Sources */,
				C2A101C727232F4200D268BF /* ForecastModel.swift in Sources */,
				C2A101D52723329D00D268BF /* ForecastViewModel.swift in Sources */,
				C2113D332722434000EC7705 /* MainTitleView.swift in Sources */,
				C2A101C927232F6600D268BF /* CurrentModel.swift in Sources */,
				C21AEC9E272F2A2A0009BBEB /* SupportDevView.swift in Sources */,
				C2E054E52737268000CD50F4 /* MeshView.swift in Sources */,
				C2113D2F27223B3300EC7705 /* HourlyForecaseDetail.swift in Sources */,
				C2A101D72723460F00D268BF /* Date+Extension.swift in Sources */,
				C21AECA1272F2F0A0009BBEB /* LogView.swift in Sources */,
				C2113D35272244A400EC7705 /* DailyForecastView.swift in Sources */,
				C2113D0427223AB800EC7705 /* ContentView.swift in Sources */,
				C2E054E72737277200CD50F4 /* LocationViewModel.swift in Sources */,
				C2A101CD27232FB600D268BF /* MinutelyModel.swift in Sources */,
				C21AEC9C272F29C60009BBEB /* AcknowledgementsView.swift in Sources */,
				C2A101CF27232FCD00D268BF /* DailyModel.swift in Sources */,
				C2D1DA2D27389C1500502DD5 /* ApiKeyAddView.swift in Sources */,
				C2A101CB27232F9000D268BF /* WeatherModel.swift in Sources */,
				C2113D0227223AB800EC7705 /* BetterWeatherApp.swift in Sources */,
			);
			runOnlyForDeploymentPostprocessing = 0;
		};
/* End PBXSourcesBuildPhase section */

/* Begin XCBuildConfiguration section */
		C2113D2027223AB900EC7705 /* Debug */ = {
			isa = XCBuildConfiguration;
			buildSettings = {
				ALWAYS_SEARCH_USER_PATHS = NO;
				CLANG_ANALYZER_NONNULL = YES;
				CLANG_ANALYZER_NUMBER_OBJECT_CONVERSION = YES_AGGRESSIVE;
				CLANG_CXX_LANGUAGE_STANDARD = "gnu++17";
				CLANG_CXX_LIBRARY = "libc++";
				CLANG_ENABLE_MODULES = YES;
				CLANG_ENABLE_OBJC_ARC = YES;
				CLANG_ENABLE_OBJC_WEAK = YES;
				CLANG_WARN_BLOCK_CAPTURE_AUTORELEASING = YES;
				CLANG_WARN_BOOL_CONVERSION = YES;
				CLANG_WARN_COMMA = YES;
				CLANG_WARN_CONSTANT_CONVERSION = YES;
				CLANG_WARN_DEPRECATED_OBJC_IMPLEMENTATIONS = YES;
				CLANG_WARN_DIRECT_OBJC_ISA_USAGE = YES_ERROR;
				CLANG_WARN_DOCUMENTATION_COMMENTS = YES;
				CLANG_WARN_EMPTY_BODY = YES;
				CLANG_WARN_ENUM_CONVERSION = YES;
				CLANG_WARN_INFINITE_RECURSION = YES;
				CLANG_WARN_INT_CONVERSION = YES;
				CLANG_WARN_NON_LITERAL_NULL_CONVERSION = YES;
				CLANG_WARN_OBJC_IMPLICIT_RETAIN_SELF = YES;
				CLANG_WARN_OBJC_LITERAL_CONVERSION = YES;
				CLANG_WARN_OBJC_ROOT_CLASS = YES_ERROR;
				CLANG_WARN_QUOTED_INCLUDE_IN_FRAMEWORK_HEADER = YES;
				CLANG_WARN_RANGE_LOOP_ANALYSIS = YES;
				CLANG_WARN_STRICT_PROTOTYPES = YES;
				CLANG_WARN_SUSPICIOUS_MOVE = YES;
				CLANG_WARN_UNGUARDED_AVAILABILITY = YES_AGGRESSIVE;
				CLANG_WARN_UNREACHABLE_CODE = YES;
				CLANG_WARN__DUPLICATE_METHOD_MATCH = YES;
				COPY_PHASE_STRIP = NO;
				DEBUG_INFORMATION_FORMAT = dwarf;
				ENABLE_STRICT_OBJC_MSGSEND = YES;
				ENABLE_TESTABILITY = YES;
				GCC_C_LANGUAGE_STANDARD = gnu11;
				GCC_DYNAMIC_NO_PIC = NO;
				GCC_NO_COMMON_BLOCKS = YES;
				GCC_OPTIMIZATION_LEVEL = 0;
				GCC_PREPROCESSOR_DEFINITIONS = (
					"DEBUG=1",
					"$(inherited)",
				);
				GCC_WARN_64_TO_32_BIT_CONVERSION = YES;
				GCC_WARN_ABOUT_RETURN_TYPE = YES_ERROR;
				GCC_WARN_UNDECLARED_SELECTOR = YES;
				GCC_WARN_UNINITIALIZED_AUTOS = YES_AGGRESSIVE;
				GCC_WARN_UNUSED_FUNCTION = YES;
				GCC_WARN_UNUSED_VARIABLE = YES;
				IPHONEOS_DEPLOYMENT_TARGET = 15.0;
				MTL_ENABLE_DEBUG_INFO = INCLUDE_SOURCE;
				MTL_FAST_MATH = YES;
				ONLY_ACTIVE_ARCH = YES;
				SDKROOT = iphoneos;
				SWIFT_ACTIVE_COMPILATION_CONDITIONS = DEBUG;
				SWIFT_OPTIMIZATION_LEVEL = "-Onone";
			};
			name = Debug;
		};
		C2113D2127223AB900EC7705 /* Release */ = {
			isa = XCBuildConfiguration;
			buildSettings = {
				ALWAYS_SEARCH_USER_PATHS = NO;
				CLANG_ANALYZER_NONNULL = YES;
				CLANG_ANALYZER_NUMBER_OBJECT_CONVERSION = YES_AGGRESSIVE;
				CLANG_CXX_LANGUAGE_STANDARD = "gnu++17";
				CLANG_CXX_LIBRARY = "libc++";
				CLANG_ENABLE_MODULES = YES;
				CLANG_ENABLE_OBJC_ARC = YES;
				CLANG_ENABLE_OBJC_WEAK = YES;
				CLANG_WARN_BLOCK_CAPTURE_AUTORELEASING = YES;
				CLANG_WARN_BOOL_CONVERSION = YES;
				CLANG_WARN_COMMA = YES;
				CLANG_WARN_CONSTANT_CONVERSION = YES;
				CLANG_WARN_DEPRECATED_OBJC_IMPLEMENTATIONS = YES;
				CLANG_WARN_DIRECT_OBJC_ISA_USAGE = YES_ERROR;
				CLANG_WARN_DOCUMENTATION_COMMENTS = YES;
				CLANG_WARN_EMPTY_BODY = YES;
				CLANG_WARN_ENUM_CONVERSION = YES;
				CLANG_WARN_INFINITE_RECURSION = YES;
				CLANG_WARN_INT_CONVERSION = YES;
				CLANG_WARN_NON_LITERAL_NULL_CONVERSION = YES;
				CLANG_WARN_OBJC_IMPLICIT_RETAIN_SELF = YES;
				CLANG_WARN_OBJC_LITERAL_CONVERSION = YES;
				CLANG_WARN_OBJC_ROOT_CLASS = YES_ERROR;
				CLANG_WARN_QUOTED_INCLUDE_IN_FRAMEWORK_HEADER = YES;
				CLANG_WARN_RANGE_LOOP_ANALYSIS = YES;
				CLANG_WARN_STRICT_PROTOTYPES = YES;
				CLANG_WARN_SUSPICIOUS_MOVE = YES;
				CLANG_WARN_UNGUARDED_AVAILABILITY = YES_AGGRESSIVE;
				CLANG_WARN_UNREACHABLE_CODE = YES;
				CLANG_WARN__DUPLICATE_METHOD_MATCH = YES;
				COPY_PHASE_STRIP = NO;
				DEBUG_INFORMATION_FORMAT = "dwarf-with-dsym";
				ENABLE_NS_ASSERTIONS = NO;
				ENABLE_STRICT_OBJC_MSGSEND = YES;
				GCC_C_LANGUAGE_STANDARD = gnu11;
				GCC_NO_COMMON_BLOCKS = YES;
				GCC_WARN_64_TO_32_BIT_CONVERSION = YES;
				GCC_WARN_ABOUT_RETURN_TYPE = YES_ERROR;
				GCC_WARN_UNDECLARED_SELECTOR = YES;
				GCC_WARN_UNINITIALIZED_AUTOS = YES_AGGRESSIVE;
				GCC_WARN_UNUSED_FUNCTION = YES;
				GCC_WARN_UNUSED_VARIABLE = YES;
				IPHONEOS_DEPLOYMENT_TARGET = 15.0;
				MTL_ENABLE_DEBUG_INFO = NO;
				MTL_FAST_MATH = YES;
				SDKROOT = iphoneos;
				SWIFT_COMPILATION_MODE = wholemodule;
				SWIFT_OPTIMIZATION_LEVEL = "-O";
				VALIDATE_PRODUCT = YES;
			};
			name = Release;
		};
		C2113D2327223AB900EC7705 /* Debug */ = {
			isa = XCBuildConfiguration;
			buildSettings = {
				ASSETCATALOG_COMPILER_APPICON_NAME = AppIcon;
				ASSETCATALOG_COMPILER_GLOBAL_ACCENT_COLOR_NAME = AccentColor;
				CODE_SIGN_ENTITLEMENTS = BetterWeather/BetterWeather.entitlements;
				CODE_SIGN_STYLE = Automatic;
				CURRENT_PROJECT_VERSION = 1;
				DEVELOPMENT_ASSET_PATHS = "\"BetterWeather/Preview Content\"";
				DEVELOPMENT_TEAM = 4538W4A79B;
				ENABLE_PREVIEWS = YES;
				GENERATE_INFOPLIST_FILE = YES;
				INFOPLIST_KEY_LSApplicationCategoryType = "public.app-category.weather";
				INFOPLIST_KEY_UIApplicationSceneManifest_Generation = YES;
				INFOPLIST_KEY_UIApplicationSupportsIndirectInputEvents = YES;
				INFOPLIST_KEY_UILaunchScreen_Generation = YES;
				INFOPLIST_KEY_UIStatusBarHidden = YES;
				INFOPLIST_KEY_UISupportedInterfaceOrientations_iPad = "UIInterfaceOrientationPortrait UIInterfaceOrientationPortraitUpsideDown UIInterfaceOrientationLandscapeLeft UIInterfaceOrientationLandscapeRight";
				INFOPLIST_KEY_UISupportedInterfaceOrientations_iPhone = "UIInterfaceOrientationPortrait UIInterfaceOrientationLandscapeLeft UIInterfaceOrientationLandscapeRight";
				IPHONEOS_DEPLOYMENT_TARGET = 15.0;
				LD_RUNPATH_SEARCH_PATHS = (
					"$(inherited)",
					"@executable_path/Frameworks",
				);
				MARKETING_VERSION = 1.0;
				PRODUCT_BUNDLE_IDENTIFIER = com.aayushpokharel.opensource.BetterWeather;
				PRODUCT_NAME = "$(TARGET_NAME)";
				SUPPORTS_MACCATALYST = YES;
				SWIFT_EMIT_LOC_STRINGS = YES;
				SWIFT_VERSION = 5.0;
				TARGETED_DEVICE_FAMILY = "2,6";
			};
			name = Debug;
		};
		C2113D2427223AB900EC7705 /* Release */ = {
			isa = XCBuildConfiguration;
			buildSettings = {
				ASSETCATALOG_COMPILER_APPICON_NAME = AppIcon;
				ASSETCATALOG_COMPILER_GLOBAL_ACCENT_COLOR_NAME = AccentColor;
				CODE_SIGN_ENTITLEMENTS = BetterWeather/BetterWeather.entitlements;
				CODE_SIGN_STYLE = Automatic;
				CURRENT_PROJECT_VERSION = 1;
				DEVELOPMENT_ASSET_PATHS = "\"BetterWeather/Preview Content\"";
				DEVELOPMENT_TEAM = 4538W4A79B;
				ENABLE_PREVIEWS = YES;
				GENERATE_INFOPLIST_FILE = YES;
				INFOPLIST_KEY_LSApplicationCategoryType = "public.app-category.weather";
				INFOPLIST_KEY_UIApplicationSceneManifest_Generation = YES;
				INFOPLIST_KEY_UIApplicationSupportsIndirectInputEvents = YES;
				INFOPLIST_KEY_UILaunchScreen_Generation = YES;
				INFOPLIST_KEY_UIStatusBarHidden = YES;
				INFOPLIST_KEY_UISupportedInterfaceOrientations_iPad = "UIInterfaceOrientationPortrait UIInterfaceOrientationPortraitUpsideDown UIInterfaceOrientationLandscapeLeft UIInterfaceOrientationLandscapeRight";
				INFOPLIST_KEY_UISupportedInterfaceOrientations_iPhone = "UIInterfaceOrientationPortrait UIInterfaceOrientationLandscapeLeft UIInterfaceOrientationLandscapeRight";
				IPHONEOS_DEPLOYMENT_TARGET = 15.0;
				LD_RUNPATH_SEARCH_PATHS = (
					"$(inherited)",
					"@executable_path/Frameworks",
				);
				MARKETING_VERSION = 1.0;
				PRODUCT_BUNDLE_IDENTIFIER = com.aayushpokharel.opensource.BetterWeather;
				PRODUCT_NAME = "$(TARGET_NAME)";
				SUPPORTS_MACCATALYST = YES;
				SWIFT_EMIT_LOC_STRINGS = YES;
				SWIFT_VERSION = 5.0;
				TARGETED_DEVICE_FAMILY = "2,6";
			};
			name = Release;
		};
/* End XCBuildConfiguration section */

/* Begin XCConfigurationList section */
		C2113CF927223AB800EC7705 /* Build configuration list for PBXProject "BetterWeather" */ = {
			isa = XCConfigurationList;
			buildConfigurations = (
				C2113D2027223AB900EC7705 /* Debug */,
				C2113D2127223AB900EC7705 /* Release */,
			);
			defaultConfigurationIsVisible = 0;
			defaultConfigurationName = Release;
		};
		C2113D2227223AB900EC7705 /* Build configuration list for PBXNativeTarget "BetterWeather" */ = {
			isa = XCConfigurationList;
			buildConfigurations = (
				C2113D2327223AB900EC7705 /* Debug */,
				C2113D2427223AB900EC7705 /* Release */,
			);
			defaultConfigurationIsVisible = 0;
			defaultConfigurationName = Release;
		};
/* End XCConfigurationList section */
	};
	rootObject = C2113CF627223AB800EC7705 /* Project object */;
}
